
Microsoft Visual Studio Solution File, Format Version 12.00
# Visual Studio Version 16
VisualStudioVersion = 16.0.29424.173
MinimumVisualStudioVersion = 10.0.40219.1
Project("{159641D6-6404-4A2A-AE62-294DE0FE8301}") = "LDSBC_IT243", "LDSBC_IT243\LDSBC_IT243.dtproj", "{C53A67F6-3473-43AA-86BF-7079735EDB5A}"
EndProject
Global
	GlobalSection(SolutionConfigurationPlatforms) = preSolution
		Development|Default = Development|Default
	EndGlobalSection
	GlobalSection(ProjectConfigurationPlatforms) = postSolution
		{C53A67F6-3473-43AA-86BF-7079735EDB5A}.Development|Default.ActiveCfg = Development
		{C53A67F6-3473-43AA-86BF-7079735EDB5A}.Development|Default.Build.0 = Development
	EndGlobalSection
	GlobalSection(SolutionProperties) = preSolution
		HideSolutionNode = FALSE
	EndGlobalSection
	GlobalSection(ExtensibilityGlobals) = postSolution
		SolutionGuid = {2ACE3299-30C2-48EC-BF05-781D457952CE}
	EndGlobalSection
EndGlobal
